// !$*UTF8*$!
{
	archiveVersion = 1;
	classes = {
	};
	objectVersion = 77;
	objects = {

/* Begin PBXContainerItemProxy section */
		E9F4CEF42E61D2B900949E04 /* PBXContainerItemProxy */ = {
			isa = PBXContainerItemProxy;
			containerPortal = E9F4CEDD2E61D2B800949E04 /* Project object */;
			proxyType = 1;
			remoteGlobalIDString = E9F4CEE42E61D2B800949E04;
			remoteInfo = "Mac Stats";
		};
		E9F4CEFE2E61D2B900949E04 /* PBXContainerItemProxy */ = {
			isa = PBXContainerItemProxy;
			containerPortal = E9F4CEDD2E61D2B800949E04 /* Project object */;
			proxyType = 1;
			remoteGlobalIDString = E9F4CEE42E61D2B800949E04;
			remoteInfo = "Mac Stats";
		};
/* End PBXContainerItemProxy section */

/* Begin PBXFileReference section */
		E9F4CEE52E61D2B800949E04 /* Mac Stats.app */ = {isa = PBXFileReference; explicitFileType = wrapper.application; includeInIndex = 0; path = "Mac Stats.app"; sourceTree = BUILT_PRODUCTS_DIR; };
		E9F4CEF32E61D2B900949E04 /* Mac StatsTests.xctest */ = {isa = PBXFileReference; explicitFileType = wrapper.cfbundle; includeInIndex = 0; path = "Mac StatsTests.xctest"; sourceTree = BUILT_PRODUCTS_DIR; };
		E9F4CEFD2E61D2B900949E04 /* Mac StatsUITests.xctest */ = {isa = PBXFileReference; explicitFileType = wrapper.cfbundle; includeInIndex = 0; path = "Mac StatsUITests.xctest"; sourceTree = BUILT_PRODUCTS_DIR; };
/* End PBXFileReference section */

/* Begin PBXFileSystemSynchronizedRootGroup section */
		E9F4CEE72E61D2B800949E04 /* Mac Stats */ = {
			isa = PBXFileSystemSynchronizedRootGroup;
			path = "Mac Stats";
			sourceTree = "<group>";
		};
		E9F4CEF62E61D2B900949E04 /* Mac StatsTests */ = {
			isa = PBXFileSystemSynchronizedRootGroup;
			path = "Mac StatsTests";
			sourceTree = "<group>";
		};
		E9F4CF002E61D2B900949E04 /* Mac StatsUITests */ = {
			isa = PBXFileSystemSynchronizedRootGroup;
			path = "Mac StatsUITests";
			sourceTree = "<group>";
		};
/* End PBXFileSystemSynchronizedRootGroup section */

/* Begin PBXFrameworksBuildPhase section */
		E9F4CEE22E61D2B800949E04 /* Frameworks */ = {
			isa = PBXFrameworksBuildPhase;
			buildActionMask = 2147483647;
			files = (
			);
			runOnlyForDeploymentPostprocessing = 0;
		};
		E9F4CEF02E61D2B900949E04 /* Frameworks */ = {
			isa = PBXFrameworksBuildPhase;
			buildActionMask = 2147483647;
			files = (
			);
			runOnlyForDeploymentPostprocessing = 0;
		};
		E9F4CEFA2E61D2B900949E04 /* Frameworks */ = {
			isa = PBXFrameworksBuildPhase;
			buildActionMask = 2147483647;
			files = (
			);
			runOnlyForDeploymentPostprocessing = 0;
		};
/* End PBXFrameworksBuildPhase section */

/* Begin PBXGroup section */
		E9F4CEDC2E61D2B800949E04 = {
			isa = PBXGroup;
			children = (
				E9F4CEE72E61D2B800949E04 /* Mac Stats */,
				E9F4CEF62E61D2B900949E04 /* Mac StatsTests */,
				E9F4CF002E61D2B900949E04 /* Mac StatsUITests */,
				E9F4CEE62E61D2B800949E04 /* Products */,
			);
			sourceTree = "<group>";
		};
		E9F4CEE62E61D2B800949E04 /* Products */ = {
			isa = PBXGroup;
			children = (
				E9F4CEE52E61D2B800949E04 /* Mac Stats.app */,
				E9F4CEF32E61D2B900949E04 /* Mac StatsTests.xctest */,
				E9F4CEFD2E61D2B900949E04 /* Mac StatsUITests.xctest */,
			);
			name = Products;
			sourceTree = "<group>";
		};
/* End PBXGroup section */

/* Begin PBXNativeTarget section */
		E9F4CEE42E61D2B800949E04 /* Mac Stats */ = {
			isa = PBXNativeTarget;
			buildConfigurationList = E9F4CF072E61D2B900949E04 /* Build configuration list for PBXNativeTarget "Mac Stats" */;
			buildPhases = (
				E9F4CEE12E61D2B800949E04 /* Sources */,
				E9F4CEE22E61D2B800949E04 /* Frameworks */,
				E9F4CEE32E61D2B800949E04 /* Resources */,
			);
			buildRules = (
			);
			dependencies = (
			);
			fileSystemSynchronizedGroups = (
				E9F4CEE72E61D2B800949E04 /* Mac Stats */,
			);
			name = "Mac Stats";
			packageProductDependencies = (
			);
			productName = "Mac Stats";
			productReference = E9F4CEE52E61D2B800949E04 /* Mac Stats.app */;
			productType = "com.apple.product-type.application";
		};
		E9F4CEF22E61D2B900949E04 /* Mac StatsTests */ = {
			isa = PBXNativeTarget;
			buildConfigurationList = E9F4CF0A2E61D2B900949E04 /* Build configuration list for PBXNativeTarget "Mac StatsTests" */;
			buildPhases = (
				E9F4CEEF2E61D2B900949E04 /* Sources */,
				E9F4CEF02E61D2B900949E04 /* Frameworks */,
				E9F4CEF12E61D2B900949E04 /* Resources */,
			);
			buildRules = (
			);
			dependencies = (
				E9F4CEF52E61D2B900949E04 /* PBXTargetDependency */,
			);
			fileSystemSynchronizedGroups = (
				E9F4CEF62E61D2B900949E04 /* Mac StatsTests */,
			);
			name = "Mac StatsTests";
			packageProductDependencies = (
			);
			productName = "Mac StatsTests";
			productReference = E9F4CEF32E61D2B900949E04 /* Mac StatsTests.xctest */;
			productType = "com.apple.product-type.bundle.unit-test";
		};
		E9F4CEFC2E61D2B900949E04 /* Mac StatsUITests */ = {
			isa = PBXNativeTarget;
			buildConfigurationList = E9F4CF0D2E61D2B900949E04 /* Build configuration list for PBXNativeTarget "Mac StatsUITests" */;
			buildPhases = (
				E9F4CEF92E61D2B900949E04 /* Sources */,
				E9F4CEFA2E61D2B900949E04 /* Frameworks */,
				E9F4CEFB2E61D2B900949E04 /* Resources */,
			);
			buildRules = (
			);
			dependencies = (
				E9F4CEFF2E61D2B900949E04 /* PBXTargetDependency */,
			);
			fileSystemSynchronizedGroups = (
				E9F4CF002E61D2B900949E04 /* Mac StatsUITests */,
			);
			name = "Mac StatsUITests";
			packageProductDependencies = (
			);
			productName = "Mac StatsUITests";
			productReference = E9F4CEFD2E61D2B900949E04 /* Mac StatsUITests.xctest */;
			productType = "com.apple.product-type.bundle.ui-testing";
		};
/* End PBXNativeTarget section */

/* Begin PBXProject section */
		E9F4CEDD2E61D2B800949E04 /* Project object */ = {
			isa = PBXProject;
			attributes = {
				BuildIndependentTargetsInParallel = 1;
				LastSwiftUpdateCheck = 1640;
				LastUpgradeCheck = 2610;
				TargetAttributes = {
					E9F4CEE42E61D2B800949E04 = {
						CreatedOnToolsVersion = 16.4;
					};
					E9F4CEF22E61D2B900949E04 = {
						CreatedOnToolsVersion = 16.4;
						TestTargetID = E9F4CEE42E61D2B800949E04;
					};
					E9F4CEFC2E61D2B900949E04 = {
						CreatedOnToolsVersion = 16.4;
						TestTargetID = E9F4CEE42E61D2B800949E04;
					};
				};
			};
			buildConfigurationList = E9F4CEE02E61D2B800949E04 /* Build configuration list for PBXProject "Mac Stats" */;
			developmentRegion = en;
			hasScannedForEncodings = 0;
			knownRegions = (
				en,
				Base,
			);
			mainGroup = E9F4CEDC2E61D2B800949E04;
			minimizedProjectReferenceProxies = 1;
			packageReferences = (
				E9F4CF1A2E61D9E800949E04 /* XCRemoteSwiftPackageReference "NetworkInterfaceInfo" */,
			);
			preferredProjectObjectVersion = 77;
			productRefGroup = E9F4CEE62E61D2B800949E04 /* Products */;
			projectDirPath = "";
			projectRoot = "";
			targets = (
				E9F4CEE42E61D2B800949E04 /* Mac Stats */,
				E9F4CEF22E61D2B900949E04 /* Mac StatsTests */,
				E9F4CEFC2E61D2B900949E04 /* Mac StatsUITests */,
			);
		};
/* End PBXProject section */

/* Begin PBXResourcesBuildPhase section */
		E9F4CEE32E61D2B800949E04 /* Resources */ = {
			isa = PBXResourcesBuildPhase;
			buildActionMask = 2147483647;
			files = (
			);
			runOnlyForDeploymentPostprocessing = 0;
		};
		E9F4CEF12E61D2B900949E04 /* Resources */ = {
			isa = PBXResourcesBuildPhase;
			buildActionMask = 2147483647;
			files = (
			);
			runOnlyForDeploymentPostprocessing = 0;
		};
		E9F4CEFB2E61D2B900949E04 /* Resources */ = {
			isa = PBXResourcesBuildPhase;
			buildActionMask = 2147483647;
			files = (
			);
			runOnlyForDeploymentPostprocessing = 0;
		};
/* End PBXResourcesBuildPhase section */

/* Begin PBXSourcesBuildPhase section */
		E9F4CEE12E61D2B800949E04 /* Sources */ = {
			isa = PBXSourcesBuildPhase;
			buildActionMask = 2147483647;
			files = (
			);
			runOnlyForDeploymentPostprocessing = 0;
		};
		E9F4CEEF2E61D2B900949E04 /* Sources */ = {
			isa = PBXSourcesBuildPhase;
			buildActionMask = 2147483647;
			files = (
			);
			runOnlyForDeploymentPostprocessing = 0;
		};
		E9F4CEF92E61D2B900949E04 /* Sources */ = {
			isa = PBXSourcesBuildPhase;
			buildActionMask = 2147483647;
			files = (
			);
			runOnlyForDeploymentPostprocessing = 0;
		};
/* End PBXSourcesBuildPhase section */

/* Begin PBXTargetDependency section */
		E9F4CEF52E61D2B900949E04 /* PBXTargetDependency */ = {
			isa = PBXTargetDependency;
			target = E9F4CEE42E61D2B800949E04 /* Mac Stats */;
			targetProxy = E9F4CEF42E61D2B900949E04 /* PBXContainerItemProxy */;
		};
		E9F4CEFF2E61D2B900949E04 /* PBXTargetDependency */ = {
			isa = PBXTargetDependency;
			target = E9F4CEE42E61D2B800949E04 /* Mac Stats */;
			targetProxy = E9F4CEFE2E61D2B900949E04 /* PBXContainerItemProxy */;
		};
/* End PBXTargetDependency section */

/* Begin XCBuildConfiguration section */
		E9F4CF052E61D2B900949E04 /* Debug */ = {
			isa = XCBuildConfiguration;
			buildSettings = {
				ALWAYS_SEARCH_USER_PATHS = NO;
				ASSETCATALOG_COMPILER_GENERATE_SWIFT_ASSET_SYMBOL_EXTENSIONS = YES;
				CLANG_ANALYZER_NONNULL = YES;
				CLANG_ANALYZER_NUMBER_OBJECT_CONVERSION = YES_AGGRESSIVE;
				CLANG_CXX_LANGUAGE_STANDARD = "gnu++20";
				CLANG_ENABLE_MODULES = YES;
				CLANG_ENABLE_OBJC_ARC = YES;
				CLANG_ENABLE_OBJC_WEAK = YES;
				CLANG_WARN_BLOCK_CAPTURE_AUTORELEASING = YES;
				CLANG_WARN_BOOL_CONVERSION = YES;
				CLANG_WARN_COMMA = YES;
				CLANG_WARN_CONSTANT_CONVERSION = YES;
				CLANG_WARN_DEPRECATED_OBJC_IMPLEMENTATIONS = YES;
				CLANG_WARN_DIRECT_OBJC_ISA_USAGE = YES_ERROR;
				CLANG_WARN_DOCUMENTATION_COMMENTS = YES;
				CLANG_WARN_EMPTY_BODY = YES;
				CLANG_WARN_ENUM_CONVERSION = YES;
				CLANG_WARN_INFINITE_RECURSION = YES;
				CLANG_WARN_INT_CONVERSION = YES;
				CLANG_WARN_NON_LITERAL_NULL_CONVERSION = YES;
				CLANG_WARN_OBJC_IMPLICIT_RETAIN_SELF = YES;
				CLANG_WARN_OBJC_LITERAL_CONVERSION = YES;
				CLANG_WARN_OBJC_ROOT_CLASS = YES_ERROR;
				CLANG_WARN_QUOTED_INCLUDE_IN_FRAMEWORK_HEADER = YES;
				CLANG_WARN_RANGE_LOOP_ANALYSIS = YES;
				CLANG_WARN_STRICT_PROTOTYPES = YES;
				CLANG_WARN_SUSPICIOUS_MOVE = YES;
				CLANG_WARN_UNGUARDED_AVAILABILITY = YES_AGGRESSIVE;
				CLANG_WARN_UNREACHABLE_CODE = YES;
				CLANG_WARN__DUPLICATE_METHOD_MATCH = YES;
				COPY_PHASE_STRIP = NO;
				DEAD_CODE_STRIPPING = YES;
				DEBUG_INFORMATION_FORMAT = dwarf;
				DEVELOPMENT_TEAM = 88WW82MVFX;
				ENABLE_STRICT_OBJC_MSGSEND = YES;
				ENABLE_TESTABILITY = YES;
				ENABLE_USER_SCRIPT_SANDBOXING = YES;
				GCC_C_LANGUAGE_STANDARD = gnu17;
				GCC_DYNAMIC_NO_PIC = NO;
				GCC_NO_COMMON_BLOCKS = YES;
				GCC_OPTIMIZATION_LEVEL = 0;
				GCC_PREPROCESSOR_DEFINITIONS = (
					"DEBUG=1",
					"$(inherited)",
				);
				GCC_WARN_64_TO_32_BIT_CONVERSION = YES;
				GCC_WARN_ABOUT_RETURN_TYPE = YES_ERROR;
				GCC_WARN_UNDECLARED_SELECTOR = YES;
				GCC_WARN_UNINITIALIZED_AUTOS = YES_AGGRESSIVE;
				GCC_WARN_UNUSED_FUNCTION = YES;
				GCC_WARN_UNUSED_VARIABLE = YES;
				LOCALIZATION_PREFERS_STRING_CATALOGS = YES;
				MACOSX_DEPLOYMENT_TARGET = 15.5;
				MTL_ENABLE_DEBUG_INFO = INCLUDE_SOURCE;
				MTL_FAST_MATH = YES;
				ONLY_ACTIVE_ARCH = YES;
				SDKROOT = macosx;
				STRING_CATALOG_GENERATE_SYMBOLS = YES;
				SWIFT_ACTIVE_COMPILATION_CONDITIONS = "DEBUG $(inherited)";
				SWIFT_OPTIMIZATION_LEVEL = "-Onone";
			};
			name = Debug;
		};
		E9F4CF062E61D2B900949E04 /* Release */ = {
			isa = XCBuildConfiguration;
			buildSettings = {
				ALWAYS_SEARCH_USER_PATHS = NO;
				ASSETCATALOG_COMPILER_GENERATE_SWIFT_ASSET_SYMBOL_EXTENSIONS = YES;
				CLANG_ANALYZER_NONNULL = YES;
				CLANG_ANALYZER_NUMBER_OBJECT_CONVERSION = YES_AGGRESSIVE;
				CLANG_CXX_LANGUAGE_STANDARD = "gnu++20";
				CLANG_ENABLE_MODULES = YES;
				CLANG_ENABLE_OBJC_ARC = YES;
				CLANG_ENABLE_OBJC_WEAK = YES;
				CLANG_WARN_BLOCK_CAPTURE_AUTORELEASING = YES;
				CLANG_WARN_BOOL_CONVERSION = YES;
				CLANG_WARN_COMMA = YES;
				CLANG_WARN_CONSTANT_CONVERSION = YES;
				CLANG_WARN_DEPRECATED_OBJC_IMPLEMENTATIONS = YES;
				CLANG_WARN_DIRECT_OBJC_ISA_USAGE = YES_ERROR;
				CLANG_WARN_DOCUMENTATION_COMMENTS = YES;
				CLANG_WARN_EMPTY_BODY = YES;
				CLANG_WARN_ENUM_CONVERSION = YES;
				CLANG_WARN_INFINITE_RECURSION = YES;
				CLANG_WARN_INT_CONVERSION = YES;
				CLANG_WARN_NON_LITERAL_NULL_CONVERSION = YES;
				CLANG_WARN_OBJC_IMPLICIT_RETAIN_SELF = YES;
				CLANG_WARN_OBJC_LITERAL_CONVERSION = YES;
				CLANG_WARN_OBJC_ROOT_CLASS = YES_ERROR;
				CLANG_WARN_QUOTED_INCLUDE_IN_FRAMEWORK_HEADER = YES;
				CLANG_WARN_RANGE_LOOP_ANALYSIS = YES;
				CLANG_WARN_STRICT_PROTOTYPES = YES;
				CLANG_WARN_SUSPICIOUS_MOVE = YES;
				CLANG_WARN_UNGUARDED_AVAILABILITY = YES_AGGRESSIVE;
				CLANG_WARN_UNREACHABLE_CODE = YES;
				CLANG_WARN__DUPLICATE_METHOD_MATCH = YES;
				COPY_PHASE_STRIP = NO;
				DEAD_CODE_STRIPPING = YES;
				DEBUG_INFORMATION_FORMAT = "dwarf-with-dsym";
				DEVELOPMENT_TEAM = 88WW82MVFX;
				ENABLE_NS_ASSERTIONS = NO;
				ENABLE_STRICT_OBJC_MSGSEND = YES;
				ENABLE_USER_SCRIPT_SANDBOXING = YES;
				GCC_C_LANGUAGE_STANDARD = gnu17;
				GCC_NO_COMMON_BLOCKS = YES;
				GCC_WARN_64_TO_32_BIT_CONVERSION = YES;
				GCC_WARN_ABOUT_RETURN_TYPE = YES_ERROR;
				GCC_WARN_UNDECLARED_SELECTOR = YES;
				GCC_WARN_UNINITIALIZED_AUTOS = YES_AGGRESSIVE;
				GCC_WARN_UNUSED_FUNCTION = YES;
				GCC_WARN_UNUSED_VARIABLE = YES;
				LOCALIZATION_PREFERS_STRING_CATALOGS = YES;
				MACOSX_DEPLOYMENT_TARGET = 15.5;
				MTL_ENABLE_DEBUG_INFO = NO;
				MTL_FAST_MATH = YES;
				SDKROOT = macosx;
				STRING_CATALOG_GENERATE_SYMBOLS = YES;
				SWIFT_COMPILATION_MODE = wholemodule;
			};
			name = Release;
		};
		E9F4CF082E61D2B900949E04 /* Debug */ = {
			isa = XCBuildConfiguration;
			buildSettings = {
				ASSETCATALOG_COMPILER_APPICON_NAME = AppIcon;
				ASSETCATALOG_COMPILER_GLOBAL_ACCENT_COLOR_NAME = AccentColor;
				CODE_SIGN_ENTITLEMENTS = "Mac Stats/Mac_Stats.entitlements";
				CODE_SIGN_STYLE = Automatic;
				COMBINE_HIDPI_IMAGES = YES;
				CURRENT_PROJECT_VERSION = 3;
				DEAD_CODE_STRIPPING = YES;
				DEVELOPMENT_TEAM = 88WW82MVFX;
				ENABLE_HARDENED_RUNTIME = YES;
				ENABLE_PREVIEWS = YES;
				GENERATE_INFOPLIST_FILE = YES;
				INFOPLIST_KEY_LSApplicationCategoryType = "public.app-category.utilities";
				INFOPLIST_KEY_LSUIElement = YES;
				INFOPLIST_KEY_NSHumanReadableCopyright = "";
				LD_RUNPATH_SEARCH_PATHS = (
					"$(inherited)",
					"@executable_path/../Frameworks",
				);
				MARKETING_VERSION = 1.2;
				PRODUCT_BUNDLE_IDENTIFIER = "Home.Mac-Stats";
				PRODUCT_NAME = "$(TARGET_NAME)";
				REGISTER_APP_GROUPS = YES;
				SWIFT_EMIT_LOC_STRINGS = YES;
				SWIFT_VERSION = 5.0;
			};
			name = Debug;
		};
		E9F4CF092E61D2B900949E04 /* Release */ = {
			isa = XCBuildConfiguration;
			buildSettings = {
				ASSETCATALOG_COMPILER_APPICON_NAME = AppIcon;
				ASSETCATALOG_COMPILER_GLOBAL_ACCENT_COLOR_NAME = AccentColor;
				CODE_SIGN_ENTITLEMENTS = "Mac Stats/Mac_Stats.entitlements";
				CODE_SIGN_STYLE = Automatic;
				COMBINE_HIDPI_IMAGES = YES;
				CURRENT_PROJECT_VERSION = 3;
				DEAD_CODE_STRIPPING = YES;
				DEVELOPMENT_TEAM = 88WW82MVFX;
				ENABLE_HARDENED_RUNTIME = YES;
				ENABLE_PREVIEWS = YES;
				GENERATE_INFOPLIST_FILE = YES;
				INFOPLIST_KEY_LSApplicationCategoryType = "public.app-category.utilities";
				INFOPLIST_KEY_LSUIElement = YES;
				INFOPLIST_KEY_NSHumanReadableCopyright = "";
				LD_RUNPATH_SEARCH_PATHS = (
					"$(inherited)",
					"@executable_path/../Frameworks",
				);
				MARKETING_VERSION = 1.2;
				PRODUCT_BUNDLE_IDENTIFIER = "Home.Mac-Stats";
				PRODUCT_NAME = "$(TARGET_NAME)";
				REGISTER_APP_GROUPS = YES;
				SWIFT_EMIT_LOC_STRINGS = YES;
				SWIFT_VERSION = 5.0;
			};
			name = Release;
		};
		E9F4CF0B2E61D2B900949E04 /* Debug */ = {
			isa = XCBuildConfiguration;
			buildSettings = {
				BUNDLE_LOADER = "$(TEST_HOST)";
				CODE_SIGN_STYLE = Automatic;
				CURRENT_PROJECT_VERSION = 1;
				DEAD_CODE_STRIPPING = YES;
				DEVELOPMENT_TEAM = 88WW82MVFX;
				GENERATE_INFOPLIST_FILE = YES;
				MACOSX_DEPLOYMENT_TARGET = 15.5;
				MARKETING_VERSION = 1.0;
				PRODUCT_BUNDLE_IDENTIFIER = "Home.Mac-StatsTests";
				PRODUCT_NAME = "$(TARGET_NAME)";
				SWIFT_EMIT_LOC_STRINGS = NO;
				SWIFT_VERSION = 5.0;
				TEST_HOST = "$(BUILT_PRODUCTS_DIR)/Mac Stats.app/$(BUNDLE_EXECUTABLE_FOLDER_PATH)/Mac Stats";
			};
			name = Debug;
		};
		E9F4CF0C2E61D2B900949E04 /* Release */ = {
			isa = XCBuildConfiguration;
			buildSettings = {
				BUNDLE_LOADER = "$(TEST_HOST)";
				CODE_SIGN_STYLE = Automatic;
				CURRENT_PROJECT_VERSION = 1;
				DEAD_CODE_STRIPPING = YES;
				DEVELOPMENT_TEAM = 88WW82MVFX;
				GENERATE_INFOPLIST_FILE = YES;
				MACOSX_DEPLOYMENT_TARGET = 15.5;
				MARKETING_VERSION = 1.0;
				PRODUCT_BUNDLE_IDENTIFIER = "Home.Mac-StatsTests";
				PRODUCT_NAME = "$(TARGET_NAME)";
				SWIFT_EMIT_LOC_STRINGS = NO;
				SWIFT_VERSION = 5.0;
				TEST_HOST = "$(BUILT_PRODUCTS_DIR)/Mac Stats.app/$(BUNDLE_EXECUTABLE_FOLDER_PATH)/Mac Stats";
			};
			name = Release;
		};
		E9F4CF0E2E61D2B900949E04 /* Debug */ = {
			isa = XCBuildConfiguration;
			buildSettings = {
				CODE_SIGN_STYLE = Automatic;
				CURRENT_PROJECT_VERSION = 1;
				DEAD_CODE_STRIPPING = YES;
				DEVELOPMENT_TEAM = 88WW82MVFX;
				GENERATE_INFOPLIST_FILE = YES;
				MARKETING_VERSION = 1.0;
				PRODUCT_BUNDLE_IDENTIFIER = "Home.Mac-StatsUITests";
				PRODUCT_NAME = "$(TARGET_NAME)";
				SWIFT_EMIT_LOC_STRINGS = NO;
				SWIFT_VERSION = 5.0;
				TEST_TARGET_NAME = "Mac Stats";
			};
			name = Debug;
		};
		E9F4CF0F2E61D2B900949E04 /* Release */ = {
			isa = XCBuildConfiguration;
			buildSettings = {
				CODE_SIGN_STYLE = Automatic;
				CURRENT_PROJECT_VERSION = 1;
				DEAD_CODE_STRIPPING = YES;
				DEVELOPMENT_TEAM = 88WW82MVFX;
				GENERATE_INFOPLIST_FILE = YES;
				MARKETING_VERSION = 1.0;
				PRODUCT_BUNDLE_IDENTIFIER = "Home.Mac-StatsUITests";
				PRODUCT_NAME = "$(TARGET_NAME)";
				SWIFT_EMIT_LOC_STRINGS = NO;
				SWIFT_VERSION = 5.0;
				TEST_TARGET_NAME = "Mac Stats";
			};
			name = Release;
		};
/* End XCBuildConfiguration section */

/* Begin XCConfigurationList section */
		E9F4CEE02E61D2B800949E04 /* Build configuration list for PBXProject "Mac Stats" */ = {
			isa = XCConfigurationList;
			buildConfigurations = (
				E9F4CF052E61D2B900949E04 /* Debug */,
				E9F4CF062E61D2B900949E04 /* Release */,
			);
			defaultConfigurationIsVisible = 0;
			defaultConfigurationName = Release;
		};
		E9F4CF072E61D2B900949E04 /* Build configuration list for PBXNativeTarget "Mac Stats" */ = {
			isa = XCConfigurationList;
			buildConfigurations = (
				E9F4CF082E61D2B900949E04 /* Debug */,
				E9F4CF092E61D2B900949E04 /* Release */,
			);
			defaultConfigurationIsVisible = 0;
			defaultConfigurationName = Release;
		};
		E9F4CF0A2E61D2B900949E04 /* Build configuration list for PBXNativeTarget "Mac StatsTests" */ = {
			isa = XCConfigurationList;
			buildConfigurations = (
				E9F4CF0B2E61D2B900949E04 /* Debug */,
				E9F4CF0C2E61D2B900949E04 /* Release */,
			);
			defaultConfigurationIsVisible = 0;
			defaultConfigurationName = Release;
		};
		E9F4CF0D2E61D2B900949E04 /* Build configuration list for PBXNativeTarget "Mac StatsUITests" */ = {
			isa = XCConfigurationList;
			buildConfigurations = (
				E9F4CF0E2E61D2B900949E04 /* Debug */,
				E9F4CF0F2E61D2B900949E04 /* Release */,
			);
			defaultConfigurationIsVisible = 0;
			defaultConfigurationName = Release;
		};
/* End XCConfigurationList section */

/* Begin XCRemoteSwiftPackageReference section */
		E9F4CF1A2E61D9E800949E04 /* XCRemoteSwiftPackageReference "NetworkInterfaceInfo" */ = {
			isa = XCRemoteSwiftPackageReference;
			repositoryURL = "https://github.com/wadetregaskis/NetworkInterfaceInfo";
			requirement = {
				kind = upToNextMajorVersion;
				minimumVersion = 5.1.2;
			};
		};
/* End XCRemoteSwiftPackageReference section */
	};
	rootObject = E9F4CEDD2E61D2B800949E04 /* Project object */;
}
